
Microsoft Visual Studio Solution File, Format Version 12.00
# Visual Studio Version 16
VisualStudioVersion = 16.0.30413.136
MinimumVisualStudioVersion = 10.0.40219.1
Project("{A0786B88-2ADB-4C21-ABE8-AA2D79766269}") = "Yetz.Flow.Web", "Yetz.Flow.Web\Yetz.Flow.Web.phpproj", "{8F773F34-BA27-4359-BD94-E141A5FB8DEB}"
EndProject
Project("{A0786B88-2ADB-4C21-ABE8-AA2D79766269}") = "Yetz.Flow.API", "Yetz.Flow.API\Yetz.Flow.API.phpproj", "{2F6BCB33-ABAE-4D55-AB9C-EC7E9D309227}"
EndProject
Project("{2150E333-8FDC-42A3-9474-1A3956D46DE8}") = "PHP", "PHP", "{602C5F42-3D50-49F5-8AEC-E387B02B5639}"
EndProject
Project("{2150E333-8FDC-42A3-9474-1A3956D46DE8}") = ".net", ".net", "{97152011-C5B4-42D3-AA33-6B78756F55D0}"
EndProject
Project("{9A19103F-16F7-4668-BE54-9A1E7A4F7556}") = "YetzFlow.Entity", "YetzFlow.Entity\YetzFlow.Entity.csproj", "{2F828484-E501-4462-9BF1-C00FAB9C700B}"
EndProject
Project("{9A19103F-16F7-4668-BE54-9A1E7A4F7556}") = "YetzFlow.DB", "YetzFlow.DB\YetzFlow.DB.csproj", "{47135E75-53BB-4E8C-9E51-3D4343FB0949}"
EndProject
Project("{9A19103F-16F7-4668-BE54-9A1E7A4F7556}") = "YetzFlow.Core", "YetzFlow.BL\YetzFlow.Core.csproj", "{7F561785-4F8D-49A6-882D-A774B047CF47}"
EndProject
Project("{2150E333-8FDC-42A3-9474-1A3956D46DE8}") = "API Projects", "API Projects", "{0F2A9BC8-3AFE-4F53-981A-300005A1093A}"
EndProject
Project("{9A19103F-16F7-4668-BE54-9A1E7A4F7556}") = "YetzFlow.API", "YetzFlow.API\YetzFlow.API.csproj", "{B4BA585D-C07F-459B-91A0-5752F2B04AFA}"
EndProject
Project("{9A19103F-16F7-4668-BE54-9A1E7A4F7556}") = "YetzFlow.SimpleTest", "YetzFlow.SimpleTest\YetzFlow.SimpleTest.csproj", "{0B05461B-33B3-4EDE-9C94-EC6128181E0F}"
EndProject
Project("{2150E333-8FDC-42A3-9474-1A3956D46DE8}") = "WebSite", "WebSite", "{C0ECEA76-ED47-4EA4-9EF2-D3F91CF9241E}"
EndProject
Project("{FAE04EC0-301F-11D3-BF4B-00C04F79EFBC}") = "YetzFlow.Site", "YetzFlow.Site\YetzFlow.Site.csproj", "{F3E507B0-2B27-4340-A518-C4014FBE7332}"
EndProject
Global
	GlobalSection(SolutionConfigurationPlatforms) = preSolution
		Debug|Any CPU = Debug|Any CPU
		Release|Any CPU = Release|Any CPU
	EndGlobalSection
	GlobalSection(ProjectConfigurationPlatforms) = postSolution
		{8F773F34-BA27-4359-BD94-E141A5FB8DEB}.Debug|Any CPU.ActiveCfg = Debug|Any CPU
		{8F773F34-BA27-4359-BD94-E141A5FB8DEB}.Release|Any CPU.ActiveCfg = Release|Any CPU
		{2F6BCB33-ABAE-4D55-AB9C-EC7E9D309227}.Debug|Any CPU.ActiveCfg = Debug|Any CPU
		{2F6BCB33-ABAE-4D55-AB9C-EC7E9D309227}.Release|Any CPU.ActiveCfg = Release|Any CPU
		{2F828484-E501-4462-9BF1-C00FAB9C700B}.Debug|Any CPU.ActiveCfg = Debug|Any CPU
		{2F828484-E501-4462-9BF1-C00FAB9C700B}.Debug|Any CPU.Build.0 = Debug|Any CPU
		{2F828484-E501-4462-9BF1-C00FAB9C700B}.Release|Any CPU.ActiveCfg = Release|Any CPU
		{2F828484-E501-4462-9BF1-C00FAB9C700B}.Release|Any CPU.Build.0 = Release|Any CPU
		{47135E75-53BB-4E8C-9E51-3D4343FB0949}.Debug|Any CPU.ActiveCfg = Debug|Any CPU
		{47135E75-53BB-4E8C-9E51-3D4343FB0949}.Debug|Any CPU.Build.0 = Debug|Any CPU
		{47135E75-53BB-4E8C-9E51-3D4343FB0949}.Release|Any CPU.ActiveCfg = Release|Any CPU
		{47135E75-53BB-4E8C-9E51-3D4343FB0949}.Release|Any CPU.Build.0 = Release|Any CPU
		{7F561785-4F8D-49A6-882D-A774B047CF47}.Debug|Any CPU.ActiveCfg = Debug|Any CPU
		{7F561785-4F8D-49A6-882D-A774B047CF47}.Debug|Any CPU.Build.0 = Debug|Any CPU
		{7F561785-4F8D-49A6-882D-A774B047CF47}.Release|Any CPU.ActiveCfg = Release|Any CPU
		{7F561785-4F8D-49A6-882D-A774B047CF47}.Release|Any CPU.Build.0 = Release|Any CPU
		{B4BA585D-C07F-459B-91A0-5752F2B04AFA}.Debug|Any CPU.ActiveCfg = Debug|Any CPU
		{B4BA585D-C07F-459B-91A0-5752F2B04AFA}.Debug|Any CPU.Build.0 = Debug|Any CPU
		{B4BA585D-C07F-459B-91A0-5752F2B04AFA}.Release|Any CPU.ActiveCfg = Release|Any CPU
		{B4BA585D-C07F-459B-91A0-5752F2B04AFA}.Release|Any CPU.Build.0 = Release|Any CPU
		{0B05461B-33B3-4EDE-9C94-EC6128181E0F}.Debug|Any CPU.ActiveCfg = Debug|Any CPU
		{0B05461B-33B3-4EDE-9C94-EC6128181E0F}.Debug|Any CPU.Build.0 = Debug|Any CPU
		{0B05461B-33B3-4EDE-9C94-EC6128181E0F}.Release|Any CPU.ActiveCfg = Release|Any CPU
		{0B05461B-33B3-4EDE-9C94-EC6128181E0F}.Release|Any CPU.Build.0 = Release|Any CPU
		{F3E507B0-2B27-4340-A518-C4014FBE7332}.Debug|Any CPU.ActiveCfg = Debug|Any CPU
		{F3E507B0-2B27-4340-A518-C4014FBE7332}.Debug|Any CPU.Build.0 = Debug|Any CPU
		{F3E507B0-2B27-4340-A518-C4014FBE7332}.Release|Any CPU.ActiveCfg = Release|Any CPU
		{F3E507B0-2B27-4340-A518-C4014FBE7332}.Release|Any CPU.Build.0 = Release|Any CPU
	EndGlobalSection
	GlobalSection(SolutionProperties) = preSolution
		HideSolutionNode = FALSE
	EndGlobalSection
	GlobalSection(NestedProjects) = preSolution
		{8F773F34-BA27-4359-BD94-E141A5FB8DEB} = {602C5F42-3D50-49F5-8AEC-E387B02B5639}
		{2F6BCB33-ABAE-4D55-AB9C-EC7E9D309227} = {602C5F42-3D50-49F5-8AEC-E387B02B5639}
		{2F828484-E501-4462-9BF1-C00FAB9C700B} = {0F2A9BC8-3AFE-4F53-981A-300005A1093A}
		{47135E75-53BB-4E8C-9E51-3D4343FB0949} = {0F2A9BC8-3AFE-4F53-981A-300005A1093A}
		{7F561785-4F8D-49A6-882D-A774B047CF47} = {0F2A9BC8-3AFE-4F53-981A-300005A1093A}
		{0F2A9BC8-3AFE-4F53-981A-300005A1093A} = {97152011-C5B4-42D3-AA33-6B78756F55D0}
		{B4BA585D-C07F-459B-91A0-5752F2B04AFA} = {0F2A9BC8-3AFE-4F53-981A-300005A1093A}
		{0B05461B-33B3-4EDE-9C94-EC6128181E0F} = {0F2A9BC8-3AFE-4F53-981A-300005A1093A}
		{C0ECEA76-ED47-4EA4-9EF2-D3F91CF9241E} = {97152011-C5B4-42D3-AA33-6B78756F55D0}
		{F3E507B0-2B27-4340-A518-C4014FBE7332} = {C0ECEA76-ED47-4EA4-9EF2-D3F91CF9241E}
	EndGlobalSection
	GlobalSection(ExtensibilityGlobals) = postSolution
		SolutionGuid = {EA53811C-8B62-45B1-A9DE-12515D8AC85B}
	EndGlobalSection
EndGlobal
